
Microsoft Visual Studio Solution File, Format Version 10.00
# Visual Studio 2008
Project("{FAE04EC0-301F-11D3-BF4B-00C04F79EFBC}") = "GradientDescent_LinearRegression", "GradientDescent_LinearRegression\GradientDescent_LinearRegression.csproj", "{B2550B30-D19F-4D0B-A263-BAFA1A32DAA3}"
EndProject
Global
	GlobalSection(SolutionConfigurationPlatforms) = preSolution
		Debug|Any CPU = Debug|Any CPU
		Release|Any CPU = Release|Any CPU
	EndGlobalSection
	GlobalSection(ProjectConfigurationPlatforms) = postSolution
		{B2550B30-D19F-4D0B-A263-BAFA1A32DAA3}.Debug|Any CPU.ActiveCfg = Debug|Any CPU
		{B2550B30-D19F-4D0B-A263-BAFA1A32DAA3}.Debug|Any CPU.Build.0 = Debug|Any CPU
		{B2550B30-D19F-4D0B-A263-BAFA1A32DAA3}.Release|Any CPU.ActiveCfg = Release|Any CPU
		{B2550B30-D19F-4D0B-A263-BAFA1A32DAA3}.Release|Any CPU.Build.0 = Release|Any CPU
	EndGlobalSection
	GlobalSection(SolutionProperties) = preSolution
		HideSolutionNode = FALSE
	EndGlobalSection
EndGlobal
